// !$*UTF8*$!
{
	archiveVersion = 1;
	classes = {
	};
	objectVersion = 55;
	objects = {

/* Begin PBXBuildFile section */
		6A34837628A405E2008FA1AA /* AppDelegate.swift in Sources */ = {isa = PBXBuildFile; fileRef = 6A34837528A405E2008FA1AA /* AppDelegate.swift */; };
		6A34837828A405E2008FA1AA /* SceneDelegate.swift in Sources */ = {isa = PBXBuildFile; fileRef = 6A34837728A405E2008FA1AA /* SceneDelegate.swift */; };
		6A34837D28A405E2008FA1AA /* Main.storyboard in Resources */ = {isa = PBXBuildFile; fileRef = 6A34837B28A405E2008FA1AA /* Main.storyboard */; };
		6A34837F28A405E3008FA1AA /* Assets.xcassets in Resources */ = {isa = PBXBuildFile; fileRef = 6A34837E28A405E3008FA1AA /* Assets.xcassets */; };
		6A34838228A405E3008FA1AA /* LaunchScreen.storyboard in Resources */ = {isa = PBXBuildFile; fileRef = 6A34838028A405E3008FA1AA /* LaunchScreen.storyboard */; };
		6A34838D28A405E3008FA1AA /* Test_appKODETests.swift in Sources */ = {isa = PBXBuildFile; fileRef = 6A34838C28A405E3008FA1AA /* Test_appKODETests.swift */; };
		6A34839728A405E3008FA1AA /* Test_appKODEUITests.swift in Sources */ = {isa = PBXBuildFile; fileRef = 6A34839628A405E3008FA1AA /* Test_appKODEUITests.swift */; };
		6A34839928A405E3008FA1AA /* Test_appKODEUITestsLaunchTests.swift in Sources */ = {isa = PBXBuildFile; fileRef = 6A34839828A405E3008FA1AA /* Test_appKODEUITestsLaunchTests.swift */; };
		6A3483A928A4315C008FA1AA /* EmployeeModel.swift in Sources */ = {isa = PBXBuildFile; fileRef = 6A3483A828A4315C008FA1AA /* EmployeeModel.swift */; };
		6A3483AB28A43317008FA1AA /* NetworkManager.swift in Sources */ = {isa = PBXBuildFile; fileRef = 6A3483AA28A43317008FA1AA /* NetworkManager.swift */; };
		6A3483AE28A4374A008FA1AA /* EmployeeListPresenter.swift in Sources */ = {isa = PBXBuildFile; fileRef = 6A3483AD28A4374A008FA1AA /* EmployeeListPresenter.swift */; };
		6A6BA3E428B0DA2100946B6B /* TabCollectionViewCell.xib in Resources */ = {isa = PBXBuildFile; fileRef = 6A6BA3E328B0DA2100946B6B /* TabCollectionViewCell.xib */; };
		6A97D84B28A524900092F781 /* TableCellView.swift in Sources */ = {isa = PBXBuildFile; fileRef = 6A97D84928A524900092F781 /* TableCellView.swift */; };
		6A97D84C28A524900092F781 /* TableViewCell.xib in Resources */ = {isa = PBXBuildFile; fileRef = 6A97D84A28A524900092F781 /* TableViewCell.xib */; };
		6A97D85228A989660092F781 /* TableCellViewModel.swift in Sources */ = {isa = PBXBuildFile; fileRef = 6A97D85128A989660092F781 /* TableCellViewModel.swift */; };
		6A97D85428A996870092F781 /* ImageLoader.swift in Sources */ = {isa = PBXBuildFile; fileRef = 6A97D85328A996870092F781 /* ImageLoader.swift */; };
		6AEB677328AAD06500E20795 /* SortViewController.swift in Sources */ = {isa = PBXBuildFile; fileRef = 6AEB677228AAD06500E20795 /* SortViewController.swift */; };
		6AEB677928AEB92200E20795 /* TableViewHeader.swift in Sources */ = {isa = PBXBuildFile; fileRef = 6AEB677828AEB92200E20795 /* TableViewHeader.swift */; };
		6AEB677B28AEB93F00E20795 /* TableViewHeader.xib in Resources */ = {isa = PBXBuildFile; fileRef = 6AEB677A28AEB93F00E20795 /* TableViewHeader.xib */; };
		6AEB677F28B0C85500E20795 /* EmployeeListViewController.swift in Sources */ = {isa = PBXBuildFile; fileRef = 6AEB677E28B0C85500E20795 /* EmployeeListViewController.swift */; };
		6AEB678228B0D49800E20795 /* TabCollectionViewCell.swift in Sources */ = {isa = PBXBuildFile; fileRef = 6AEB678028B0D49800E20795 /* TabCollectionViewCell.swift */; };
/* End PBXBuildFile section */

/* Begin PBXContainerItemProxy section */
		6A34838928A405E3008FA1AA /* PBXContainerItemProxy */ = {
			isa = PBXContainerItemProxy;
			containerPortal = 6A34836A28A405E2008FA1AA /* Project object */;
			proxyType = 1;
			remoteGlobalIDString = 6A34837128A405E2008FA1AA;
			remoteInfo = "Test-appKODE";
		};
		6A34839328A405E3008FA1AA /* PBXContainerItemProxy */ = {
			isa = PBXContainerItemProxy;
			containerPortal = 6A34836A28A405E2008FA1AA /* Project object */;
			proxyType = 1;
			remoteGlobalIDString = 6A34837128A405E2008FA1AA;
			remoteInfo = "Test-appKODE";
		};
/* End PBXContainerItemProxy section */

/* Begin PBXFileReference section */
		6A34837228A405E2008FA1AA /* Test-appKODE.app */ = {isa = PBXFileReference; explicitFileType = wrapper.application; includeInIndex = 0; path = "Test-appKODE.app"; sourceTree = BUILT_PRODUCTS_DIR; };
		6A34837528A405E2008FA1AA /* AppDelegate.swift */ = {isa = PBXFileReference; lastKnownFileType = sourcecode.swift; path = AppDelegate.swift; sourceTree = "<group>"; };
		6A34837728A405E2008FA1AA /* SceneDelegate.swift */ = {isa = PBXFileReference; lastKnownFileType = sourcecode.swift; path = SceneDelegate.swift; sourceTree = "<group>"; };
		6A34837C28A405E2008FA1AA /* Base */ = {isa = PBXFileReference; lastKnownFileType = file.storyboard; name = Base; path = Base.lproj/Main.storyboard; sourceTree = "<group>"; };
		6A34837E28A405E3008FA1AA /* Assets.xcassets */ = {isa = PBXFileReference; lastKnownFileType = folder.assetcatalog; path = Assets.xcassets; sourceTree = "<group>"; };
		6A34838128A405E3008FA1AA /* Base */ = {isa = PBXFileReference; lastKnownFileType = file.storyboard; name = Base; path = Base.lproj/LaunchScreen.storyboard; sourceTree = "<group>"; };
		6A34838328A405E3008FA1AA /* Info.plist */ = {isa = PBXFileReference; lastKnownFileType = text.plist.xml; path = Info.plist; sourceTree = "<group>"; };
		6A34838828A405E3008FA1AA /* Test-appKODETests.xctest */ = {isa = PBXFileReference; explicitFileType = wrapper.cfbundle; includeInIndex = 0; path = "Test-appKODETests.xctest"; sourceTree = BUILT_PRODUCTS_DIR; };
		6A34838C28A405E3008FA1AA /* Test_appKODETests.swift */ = {isa = PBXFileReference; lastKnownFileType = sourcecode.swift; path = Test_appKODETests.swift; sourceTree = "<group>"; };
		6A34839228A405E3008FA1AA /* Test-appKODEUITests.xctest */ = {isa = PBXFileReference; explicitFileType = wrapper.cfbundle; includeInIndex = 0; path = "Test-appKODEUITests.xctest"; sourceTree = BUILT_PRODUCTS_DIR; };
		6A34839628A405E3008FA1AA /* Test_appKODEUITests.swift */ = {isa = PBXFileReference; lastKnownFileType = sourcecode.swift; path = Test_appKODEUITests.swift; sourceTree = "<group>"; };
		6A34839828A405E3008FA1AA /* Test_appKODEUITestsLaunchTests.swift */ = {isa = PBXFileReference; lastKnownFileType = sourcecode.swift; path = Test_appKODEUITestsLaunchTests.swift; sourceTree = "<group>"; };
		6A3483A828A4315C008FA1AA /* EmployeeModel.swift */ = {isa = PBXFileReference; lastKnownFileType = sourcecode.swift; path = EmployeeModel.swift; sourceTree = "<group>"; };
		6A3483AA28A43317008FA1AA /* NetworkManager.swift */ = {isa = PBXFileReference; lastKnownFileType = sourcecode.swift; path = NetworkManager.swift; sourceTree = "<group>"; };
		6A3483AD28A4374A008FA1AA /* EmployeeListPresenter.swift */ = {isa = PBXFileReference; lastKnownFileType = sourcecode.swift; path = EmployeeListPresenter.swift; sourceTree = "<group>"; };
		6A6BA3E328B0DA2100946B6B /* TabCollectionViewCell.xib */ = {isa = PBXFileReference; lastKnownFileType = file.xib; path = TabCollectionViewCell.xib; sourceTree = "<group>"; };
		6A97D84928A524900092F781 /* TableCellView.swift */ = {isa = PBXFileReference; lastKnownFileType = sourcecode.swift; path = TableCellView.swift; sourceTree = "<group>"; };
		6A97D84A28A524900092F781 /* TableViewCell.xib */ = {isa = PBXFileReference; lastKnownFileType = file.xib; path = TableViewCell.xib; sourceTree = "<group>"; };
		6A97D85128A989660092F781 /* TableCellViewModel.swift */ = {isa = PBXFileReference; lastKnownFileType = sourcecode.swift; path = TableCellViewModel.swift; sourceTree = "<group>"; };
		6A97D85328A996870092F781 /* ImageLoader.swift */ = {isa = PBXFileReference; lastKnownFileType = sourcecode.swift; path = ImageLoader.swift; sourceTree = "<group>"; };
		6AEB677228AAD06500E20795 /* SortViewController.swift */ = {isa = PBXFileReference; lastKnownFileType = sourcecode.swift; path = SortViewController.swift; sourceTree = "<group>"; };
		6AEB677828AEB92200E20795 /* TableViewHeader.swift */ = {isa = PBXFileReference; lastKnownFileType = sourcecode.swift; path = TableViewHeader.swift; sourceTree = "<group>"; };
		6AEB677A28AEB93F00E20795 /* TableViewHeader.xib */ = {isa = PBXFileReference; lastKnownFileType = file.xib; path = TableViewHeader.xib; sourceTree = "<group>"; };
		6AEB677E28B0C85500E20795 /* EmployeeListViewController.swift */ = {isa = PBXFileReference; lastKnownFileType = sourcecode.swift; path = EmployeeListViewController.swift; sourceTree = "<group>"; };
		6AEB678028B0D49800E20795 /* TabCollectionViewCell.swift */ = {isa = PBXFileReference; lastKnownFileType = sourcecode.swift; path = TabCollectionViewCell.swift; sourceTree = "<group>"; };
/* End PBXFileReference section */

/* Begin PBXFrameworksBuildPhase section */
		6A34836F28A405E2008FA1AA /* Frameworks */ = {
			isa = PBXFrameworksBuildPhase;
			buildActionMask = 2147483647;
			files = (
			);
			runOnlyForDeploymentPostprocessing = 0;
		};
		6A34838528A405E3008FA1AA /* Frameworks */ = {
			isa = PBXFrameworksBuildPhase;
			buildActionMask = 2147483647;
			files = (
			);
			runOnlyForDeploymentPostprocessing = 0;
		};
		6A34838F28A405E3008FA1AA /* Frameworks */ = {
			isa = PBXFrameworksBuildPhase;
			buildActionMask = 2147483647;
			files = (
			);
			runOnlyForDeploymentPostprocessing = 0;
		};
/* End PBXFrameworksBuildPhase section */

/* Begin PBXGroup section */
		6A34836928A405E2008FA1AA = {
			isa = PBXGroup;
			children = (
				6A34837428A405E2008FA1AA /* Test-appKODE */,
				6A34838B28A405E3008FA1AA /* Test-appKODETests */,
				6A34839528A405E3008FA1AA /* Test-appKODEUITests */,
				6A34837328A405E2008FA1AA /* Products */,
			);
			sourceTree = "<group>";
		};
		6A34837328A405E2008FA1AA /* Products */ = {
			isa = PBXGroup;
			children = (
				6A34837228A405E2008FA1AA /* Test-appKODE.app */,
				6A34838828A405E3008FA1AA /* Test-appKODETests.xctest */,
				6A34839228A405E3008FA1AA /* Test-appKODEUITests.xctest */,
			);
			name = Products;
			sourceTree = "<group>";
		};
		6A34837428A405E2008FA1AA /* Test-appKODE */ = {
			isa = PBXGroup;
			children = (
				6A34837528A405E2008FA1AA /* AppDelegate.swift */,
				6A34837728A405E2008FA1AA /* SceneDelegate.swift */,
				6A3483AC28A433A4008FA1AA /* Service Layer */,
				6A3483A728A4310C008FA1AA /* EmloyeeList */,
				6A34837B28A405E2008FA1AA /* Main.storyboard */,
				6A34837E28A405E3008FA1AA /* Assets.xcassets */,
				6A34838028A405E3008FA1AA /* LaunchScreen.storyboard */,
				6A34838328A405E3008FA1AA /* Info.plist */,
				6AEB677228AAD06500E20795 /* SortViewController.swift */,
			);
			path = "Test-appKODE";
			sourceTree = "<group>";
		};
		6A34838B28A405E3008FA1AA /* Test-appKODETests */ = {
			isa = PBXGroup;
			children = (
				6A34838C28A405E3008FA1AA /* Test_appKODETests.swift */,
			);
			path = "Test-appKODETests";
			sourceTree = "<group>";
		};
		6A34839528A405E3008FA1AA /* Test-appKODEUITests */ = {
			isa = PBXGroup;
			children = (
				6A34839628A405E3008FA1AA /* Test_appKODEUITests.swift */,
				6A34839828A405E3008FA1AA /* Test_appKODEUITestsLaunchTests.swift */,
			);
			path = "Test-appKODEUITests";
			sourceTree = "<group>";
		};
		6A3483A728A4310C008FA1AA /* EmloyeeList */ = {
			isa = PBXGroup;
			children = (
				6A3483A828A4315C008FA1AA /* EmployeeModel.swift */,
				6AEB677E28B0C85500E20795 /* EmployeeListViewController.swift */,
				6A3483AD28A4374A008FA1AA /* EmployeeListPresenter.swift */,
				6A3483B328A522BE008FA1AA /* TableCell */,
				6AEB678428B0D8F000E20795 /* TabCollectionViewCell */,
			);
			path = EmloyeeList;
			sourceTree = "<group>";
		};
		6A3483AC28A433A4008FA1AA /* Service Layer */ = {
			isa = PBXGroup;
			children = (
				6A97D85328A996870092F781 /* ImageLoader.swift */,
				6A3483AA28A43317008FA1AA /* NetworkManager.swift */,
			);
			path = "Service Layer";
			sourceTree = "<group>";
		};
		6A3483B328A522BE008FA1AA /* TableCell */ = {
			isa = PBXGroup;
			children = (
				6A97D84928A524900092F781 /* TableCellView.swift */,
				6A97D85128A989660092F781 /* TableCellViewModel.swift */,
				6A97D84A28A524900092F781 /* TableViewCell.xib */,
				6AEB677828AEB92200E20795 /* TableViewHeader.swift */,
				6AEB677A28AEB93F00E20795 /* TableViewHeader.xib */,
			);
			path = TableCell;
			sourceTree = "<group>";
		};
		6AEB678428B0D8F000E20795 /* TabCollectionViewCell */ = {
			isa = PBXGroup;
			children = (
				6AEB678028B0D49800E20795 /* TabCollectionViewCell.swift */,
				6A6BA3E328B0DA2100946B6B /* TabCollectionViewCell.xib */,
			);
			path = TabCollectionViewCell;
			sourceTree = "<group>";
		};
/* End PBXGroup section */

/* Begin PBXNativeTarget section */
		6A34837128A405E2008FA1AA /* Test-appKODE */ = {
			isa = PBXNativeTarget;
			buildConfigurationList = 6A34839C28A405E3008FA1AA /* Build configuration list for PBXNativeTarget "Test-appKODE" */;
			buildPhases = (
				6A34836E28A405E2008FA1AA /* Sources */,
				6A34836F28A405E2008FA1AA /* Frameworks */,
				6A34837028A405E2008FA1AA /* Resources */,
			);
			buildRules = (
			);
			dependencies = (
			);
			name = "Test-appKODE";
			productName = "Test-appKODE";
			productReference = 6A34837228A405E2008FA1AA /* Test-appKODE.app */;
			productType = "com.apple.product-type.application";
		};
		6A34838728A405E3008FA1AA /* Test-appKODETests */ = {
			isa = PBXNativeTarget;
			buildConfigurationList = 6A34839F28A405E3008FA1AA /* Build configuration list for PBXNativeTarget "Test-appKODETests" */;
			buildPhases = (
				6A34838428A405E3008FA1AA /* Sources */,
				6A34838528A405E3008FA1AA /* Frameworks */,
				6A34838628A405E3008FA1AA /* Resources */,
			);
			buildRules = (
			);
			dependencies = (
				6A34838A28A405E3008FA1AA /* PBXTargetDependency */,
			);
			name = "Test-appKODETests";
			productName = "Test-appKODETests";
			productReference = 6A34838828A405E3008FA1AA /* Test-appKODETests.xctest */;
			productType = "com.apple.product-type.bundle.unit-test";
		};
		6A34839128A405E3008FA1AA /* Test-appKODEUITests */ = {
			isa = PBXNativeTarget;
			buildConfigurationList = 6A3483A228A405E3008FA1AA /* Build configuration list for PBXNativeTarget "Test-appKODEUITests" */;
			buildPhases = (
				6A34838E28A405E3008FA1AA /* Sources */,
				6A34838F28A405E3008FA1AA /* Frameworks */,
				6A34839028A405E3008FA1AA /* Resources */,
			);
			buildRules = (
			);
			dependencies = (
				6A34839428A405E3008FA1AA /* PBXTargetDependency */,
			);
			name = "Test-appKODEUITests";
			productName = "Test-appKODEUITests";
			productReference = 6A34839228A405E3008FA1AA /* Test-appKODEUITests.xctest */;
			productType = "com.apple.product-type.bundle.ui-testing";
		};
/* End PBXNativeTarget section */

/* Begin PBXProject section */
		6A34836A28A405E2008FA1AA /* Project object */ = {
			isa = PBXProject;
			attributes = {
				BuildIndependentTargetsInParallel = 1;
				LastSwiftUpdateCheck = 1340;
				LastUpgradeCheck = 1340;
				TargetAttributes = {
					6A34837128A405E2008FA1AA = {
						CreatedOnToolsVersion = 13.4.1;
					};
					6A34838728A405E3008FA1AA = {
						CreatedOnToolsVersion = 13.4.1;
						TestTargetID = 6A34837128A405E2008FA1AA;
					};
					6A34839128A405E3008FA1AA = {
						CreatedOnToolsVersion = 13.4.1;
						TestTargetID = 6A34837128A405E2008FA1AA;
					};
				};
			};
			buildConfigurationList = 6A34836D28A405E2008FA1AA /* Build configuration list for PBXProject "Test-appKODE" */;
			compatibilityVersion = "Xcode 13.0";
			developmentRegion = en;
			hasScannedForEncodings = 0;
			knownRegions = (
				en,
				Base,
			);
			mainGroup = 6A34836928A405E2008FA1AA;
			productRefGroup = 6A34837328A405E2008FA1AA /* Products */;
			projectDirPath = "";
			projectRoot = "";
			targets = (
				6A34837128A405E2008FA1AA /* Test-appKODE */,
				6A34838728A405E3008FA1AA /* Test-appKODETests */,
				6A34839128A405E3008FA1AA /* Test-appKODEUITests */,
			);
		};
/* End PBXProject section */

/* Begin PBXResourcesBuildPhase section */
		6A34837028A405E2008FA1AA /* Resources */ = {
			isa = PBXResourcesBuildPhase;
			buildActionMask = 2147483647;
			files = (
				6A6BA3E428B0DA2100946B6B /* TabCollectionViewCell.xib in Resources */,
				6A34838228A405E3008FA1AA /* LaunchScreen.storyboard in Resources */,
				6A97D84C28A524900092F781 /* TableViewCell.xib in Resources */,
				6AEB677B28AEB93F00E20795 /* TableViewHeader.xib in Resources */,
				6A34837F28A405E3008FA1AA /* Assets.xcassets in Resources */,
				6A34837D28A405E2008FA1AA /* Main.storyboard in Resources */,
			);
			runOnlyForDeploymentPostprocessing = 0;
		};
		6A34838628A405E3008FA1AA /* Resources */ = {
			isa = PBXResourcesBuildPhase;
			buildActionMask = 2147483647;
			files = (
			);
			runOnlyForDeploymentPostprocessing = 0;
		};
		6A34839028A405E3008FA1AA /* Resources */ = {
			isa = PBXResourcesBuildPhase;
			buildActionMask = 2147483647;
			files = (
			);
			runOnlyForDeploymentPostprocessing = 0;
		};
/* End PBXResourcesBuildPhase section */

/* Begin PBXSourcesBuildPhase section */
		6A34836E28A405E2008FA1AA /* Sources */ = {
			isa = PBXSourcesBuildPhase;
			buildActionMask = 2147483647;
			files = (
				6A97D85228A989660092F781 /* TableCellViewModel.swift in Sources */,
				6A97D85428A996870092F781 /* ImageLoader.swift in Sources */,
				6AEB678228B0D49800E20795 /* TabCollectionViewCell.swift in Sources */,
				6A97D84B28A524900092F781 /* TableCellView.swift in Sources */,
				6AEB677328AAD06500E20795 /* SortViewController.swift in Sources */,
				6AEB677928AEB92200E20795 /* TableViewHeader.swift in Sources */,
				6A34837628A405E2008FA1AA /* AppDelegate.swift in Sources */,
				6A3483AB28A43317008FA1AA /* NetworkManager.swift in Sources */,
				6A34837828A405E2008FA1AA /* SceneDelegate.swift in Sources */,
				6A3483AE28A4374A008FA1AA /* EmployeeListPresenter.swift in Sources */,
				6AEB677F28B0C85500E20795 /* EmployeeListViewController.swift in Sources */,
				6A3483A928A4315C008FA1AA /* EmployeeModel.swift in Sources */,
			);
			runOnlyForDeploymentPostprocessing = 0;
		};
		6A34838428A405E3008FA1AA /* Sources */ = {
			isa = PBXSourcesBuildPhase;
			buildActionMask = 2147483647;
			files = (
				6A34838D28A405E3008FA1AA /* Test_appKODETests.swift in Sources */,
			);
			runOnlyForDeploymentPostprocessing = 0;
		};
		6A34838E28A405E3008FA1AA /* Sources */ = {
			isa = PBXSourcesBuildPhase;
			buildActionMask = 2147483647;
			files = (
				6A34839728A405E3008FA1AA /* Test_appKODEUITests.swift in Sources */,
				6A34839928A405E3008FA1AA /* Test_appKODEUITestsLaunchTests.swift in Sources */,
			);
			runOnlyForDeploymentPostprocessing = 0;
		};
/* End PBXSourcesBuildPhase section */

/* Begin PBXTargetDependency section */
		6A34838A28A405E3008FA1AA /* PBXTargetDependency */ = {
			isa = PBXTargetDependency;
			target = 6A34837128A405E2008FA1AA /* Test-appKODE */;
			targetProxy = 6A34838928A405E3008FA1AA /* PBXContainerItemProxy */;
		};
		6A34839428A405E3008FA1AA /* PBXTargetDependency */ = {
			isa = PBXTargetDependency;
			target = 6A34837128A405E2008FA1AA /* Test-appKODE */;
			targetProxy = 6A34839328A405E3008FA1AA /* PBXContainerItemProxy */;
		};
/* End PBXTargetDependency section */

/* Begin PBXVariantGroup section */
		6A34837B28A405E2008FA1AA /* Main.storyboard */ = {
			isa = PBXVariantGroup;
			children = (
				6A34837C28A405E2008FA1AA /* Base */,
			);
			name = Main.storyboard;
			sourceTree = "<group>";
		};
		6A34838028A405E3008FA1AA /* LaunchScreen.storyboard */ = {
			isa = PBXVariantGroup;
			children = (
				6A34838128A405E3008FA1AA /* Base */,
			);
			name = LaunchScreen.storyboard;
			sourceTree = "<group>";
		};
/* End PBXVariantGroup section */

/* Begin XCBuildConfiguration section */
		6A34839A28A405E3008FA1AA /* Debug */ = {
			isa = XCBuildConfiguration;
			buildSettings = {
				ALWAYS_SEARCH_USER_PATHS = NO;
				CLANG_ANALYZER_NONNULL = YES;
				CLANG_ANALYZER_NUMBER_OBJECT_CONVERSION = YES_AGGRESSIVE;
				CLANG_CXX_LANGUAGE_STANDARD = "gnu++17";
				CLANG_ENABLE_MODULES = YES;
				CLANG_ENABLE_OBJC_ARC = YES;
				CLANG_ENABLE_OBJC_WEAK = YES;
				CLANG_WARN_BLOCK_CAPTURE_AUTORELEASING = YES;
				CLANG_WARN_BOOL_CONVERSION = YES;
				CLANG_WARN_COMMA = YES;
				CLANG_WARN_CONSTANT_CONVERSION = YES;
				CLANG_WARN_DEPRECATED_OBJC_IMPLEMENTATIONS = YES;
				CLANG_WARN_DIRECT_OBJC_ISA_USAGE = YES_ERROR;
				CLANG_WARN_DOCUMENTATION_COMMENTS = YES;
				CLANG_WARN_EMPTY_BODY = YES;
				CLANG_WARN_ENUM_CONVERSION = YES;
				CLANG_WARN_INFINITE_RECURSION = YES;
				CLANG_WARN_INT_CONVERSION = YES;
				CLANG_WARN_NON_LITERAL_NULL_CONVERSION = YES;
				CLANG_WARN_OBJC_IMPLICIT_RETAIN_SELF = YES;
				CLANG_WARN_OBJC_LITERAL_CONVERSION = YES;
				CLANG_WARN_OBJC_ROOT_CLASS = YES_ERROR;
				CLANG_WARN_QUOTED_INCLUDE_IN_FRAMEWORK_HEADER = YES;
				CLANG_WARN_RANGE_LOOP_ANALYSIS = YES;
				CLANG_WARN_STRICT_PROTOTYPES = YES;
				CLANG_WARN_SUSPICIOUS_MOVE = YES;
				CLANG_WARN_UNGUARDED_AVAILABILITY = YES_AGGRESSIVE;
				CLANG_WARN_UNREACHABLE_CODE = YES;
				CLANG_WARN__DUPLICATE_METHOD_MATCH = YES;
				COPY_PHASE_STRIP = NO;
				DEBUG_INFORMATION_FORMAT = dwarf;
				ENABLE_STRICT_OBJC_MSGSEND = YES;
				ENABLE_TESTABILITY = YES;
				GCC_C_LANGUAGE_STANDARD = gnu11;
				GCC_DYNAMIC_NO_PIC = NO;
				GCC_NO_COMMON_BLOCKS = YES;
				GCC_OPTIMIZATION_LEVEL = 0;
				GCC_PREPROCESSOR_DEFINITIONS = (
					"DEBUG=1",
					"$(inherited)",
				);
				GCC_WARN_64_TO_32_BIT_CONVERSION = YES;
				GCC_WARN_ABOUT_RETURN_TYPE = YES_ERROR;
				GCC_WARN_UNDECLARED_SELECTOR = YES;
				GCC_WARN_UNINITIALIZED_AUTOS = YES_AGGRESSIVE;
				GCC_WARN_UNUSED_FUNCTION = YES;
				GCC_WARN_UNUSED_VARIABLE = YES;
				IPHONEOS_DEPLOYMENT_TARGET = 15.5;
				MTL_ENABLE_DEBUG_INFO = INCLUDE_SOURCE;
				MTL_FAST_MATH = YES;
				ONLY_ACTIVE_ARCH = YES;
				SDKROOT = iphoneos;
				SWIFT_ACTIVE_COMPILATION_CONDITIONS = DEBUG;
				SWIFT_OPTIMIZATION_LEVEL = "-Onone";
			};
			name = Debug;
		};
		6A34839B28A405E3008FA1AA /* Release */ = {
			isa = XCBuildConfiguration;
			buildSettings = {
				ALWAYS_SEARCH_USER_PATHS = NO;
				CLANG_ANALYZER_NONNULL = YES;
				CLANG_ANALYZER_NUMBER_OBJECT_CONVERSION = YES_AGGRESSIVE;
				CLANG_CXX_LANGUAGE_STANDARD = "gnu++17";
				CLANG_ENABLE_MODULES = YES;
				CLANG_ENABLE_OBJC_ARC = YES;
				CLANG_ENABLE_OBJC_WEAK = YES;
				CLANG_WARN_BLOCK_CAPTURE_AUTORELEASING = YES;
				CLANG_WARN_BOOL_CONVERSION = YES;
				CLANG_WARN_COMMA = YES;
				CLANG_WARN_CONSTANT_CONVERSION = YES;
				CLANG_WARN_DEPRECATED_OBJC_IMPLEMENTATIONS = YES;
				CLANG_WARN_DIRECT_OBJC_ISA_USAGE = YES_ERROR;
				CLANG_WARN_DOCUMENTATION_COMMENTS = YES;
				CLANG_WARN_EMPTY_BODY = YES;
				CLANG_WARN_ENUM_CONVERSION = YES;
				CLANG_WARN_INFINITE_RECURSION = YES;
				CLANG_WARN_INT_CONVERSION = YES;
				CLANG_WARN_NON_LITERAL_NULL_CONVERSION = YES;
				CLANG_WARN_OBJC_IMPLICIT_RETAIN_SELF = YES;
				CLANG_WARN_OBJC_LITERAL_CONVERSION = YES;
				CLANG_WARN_OBJC_ROOT_CLASS = YES_ERROR;
				CLANG_WARN_QUOTED_INCLUDE_IN_FRAMEWORK_HEADER = YES;
				CLANG_WARN_RANGE_LOOP_ANALYSIS = YES;
				CLANG_WARN_STRICT_PROTOTYPES = YES;
				CLANG_WARN_SUSPICIOUS_MOVE = YES;
				CLANG_WARN_UNGUARDED_AVAILABILITY = YES_AGGRESSIVE;
				CLANG_WARN_UNREACHABLE_CODE = YES;
				CLANG_WARN__DUPLICATE_METHOD_MATCH = YES;
				COPY_PHASE_STRIP = NO;
				DEBUG_INFORMATION_FORMAT = "dwarf-with-dsym";
				ENABLE_NS_ASSERTIONS = NO;
				ENABLE_STRICT_OBJC_MSGSEND = YES;
				GCC_C_LANGUAGE_STANDARD = gnu11;
				GCC_NO_COMMON_BLOCKS = YES;
				GCC_WARN_64_TO_32_BIT_CONVERSION = YES;
				GCC_WARN_ABOUT_RETURN_TYPE = YES_ERROR;
				GCC_WARN_UNDECLARED_SELECTOR = YES;
				GCC_WARN_UNINITIALIZED_AUTOS = YES_AGGRESSIVE;
				GCC_WARN_UNUSED_FUNCTION = YES;
				GCC_WARN_UNUSED_VARIABLE = YES;
				IPHONEOS_DEPLOYMENT_TARGET = 15.5;
				MTL_ENABLE_DEBUG_INFO = NO;
				MTL_FAST_MATH = YES;
				SDKROOT = iphoneos;
				SWIFT_COMPILATION_MODE = wholemodule;
				SWIFT_OPTIMIZATION_LEVEL = "-O";
				VALIDATE_PRODUCT = YES;
			};
			name = Release;
		};
		6A34839D28A405E3008FA1AA /* Debug */ = {
			isa = XCBuildConfiguration;
			buildSettings = {
				ASSETCATALOG_COMPILER_APPICON_NAME = AppIcon;
				ASSETCATALOG_COMPILER_GLOBAL_ACCENT_COLOR_NAME = AccentColor;
				CODE_SIGN_STYLE = Automatic;
				CURRENT_PROJECT_VERSION = 1;
				DEVELOPMENT_TEAM = PW697ZQRTK;
				GENERATE_INFOPLIST_FILE = YES;
				INFOPLIST_FILE = "Test-appKODE/Info.plist";
				INFOPLIST_KEY_UIApplicationSupportsIndirectInputEvents = YES;
				INFOPLIST_KEY_UILaunchStoryboardName = LaunchScreen;
				INFOPLIST_KEY_UIMainStoryboardFile = Main;
				INFOPLIST_KEY_UISupportedInterfaceOrientations_iPad = "UIInterfaceOrientationPortrait UIInterfaceOrientationPortraitUpsideDown UIInterfaceOrientationLandscapeLeft UIInterfaceOrientationLandscapeRight";
				INFOPLIST_KEY_UISupportedInterfaceOrientations_iPhone = "UIInterfaceOrientationPortrait UIInterfaceOrientationLandscapeLeft UIInterfaceOrientationLandscapeRight";
				IPHONEOS_DEPLOYMENT_TARGET = 15.0;
				LD_RUNPATH_SEARCH_PATHS = (
					"$(inherited)",
					"@executable_path/Frameworks",
				);
				MARKETING_VERSION = 1.0;
				PRODUCT_BUNDLE_IDENTIFIER = "ta.Test-appKODE";
				PRODUCT_NAME = "$(TARGET_NAME)";
				SWIFT_EMIT_LOC_STRINGS = YES;
				SWIFT_VERSION = 5.0;
				TARGETED_DEVICE_FAMILY = 1;
			};
			name = Debug;
		};
		6A34839E28A405E3008FA1AA /* Release */ = {
			isa = XCBuildConfiguration;
			buildSettings = {
				ASSETCATALOG_COMPILER_APPICON_NAME = AppIcon;
				ASSETCATALOG_COMPILER_GLOBAL_ACCENT_COLOR_NAME = AccentColor;
				CODE_SIGN_STYLE = Automatic;
				CURRENT_PROJECT_VERSION = 1;
				DEVELOPMENT_TEAM = PW697ZQRTK;
				GENERATE_INFOPLIST_FILE = YES;
				INFOPLIST_FILE = "Test-appKODE/Info.plist";
				INFOPLIST_KEY_UIApplicationSupportsIndirectInputEvents = YES;
				INFOPLIST_KEY_UILaunchStoryboardName = LaunchScreen;
				INFOPLIST_KEY_UIMainStoryboardFile = Main;
				INFOPLIST_KEY_UISupportedInterfaceOrientations_iPad = "UIInterfaceOrientationPortrait UIInterfaceOrientationPortraitUpsideDown UIInterfaceOrientationLandscapeLeft UIInterfaceOrientationLandscapeRight";
				INFOPLIST_KEY_UISupportedInterfaceOrientations_iPhone = "UIInterfaceOrientationPortrait UIInterfaceOrientationLandscapeLeft UIInterfaceOrientationLandscapeRight";
				IPHONEOS_DEPLOYMENT_TARGET = 15.0;
				LD_RUNPATH_SEARCH_PATHS = (
					"$(inherited)",
					"@executable_path/Frameworks",
				);
				MARKETING_VERSION = 1.0;
				PRODUCT_BUNDLE_IDENTIFIER = "ta.Test-appKODE";
				PRODUCT_NAME = "$(TARGET_NAME)";
				SWIFT_EMIT_LOC_STRINGS = YES;
				SWIFT_VERSION = 5.0;
				TARGETED_DEVICE_FAMILY = 1;
			};
			name = Release;
		};
		6A3483A028A405E3008FA1AA /* Debug */ = {
			isa = XCBuildConfiguration;
			buildSettings = {
				ALWAYS_EMBED_SWIFT_STANDARD_LIBRARIES = YES;
				BUNDLE_LOADER = "$(TEST_HOST)";
				CODE_SIGN_STYLE = Automatic;
				CURRENT_PROJECT_VERSION = 1;
				DEVELOPMENT_TEAM = PW697ZQRTK;
				GENERATE_INFOPLIST_FILE = YES;
				IPHONEOS_DEPLOYMENT_TARGET = 15.5;
				MARKETING_VERSION = 1.0;
				PRODUCT_BUNDLE_IDENTIFIER = "ta.Test-appKODETests";
				PRODUCT_NAME = "$(TARGET_NAME)";
				SWIFT_EMIT_LOC_STRINGS = NO;
				SWIFT_VERSION = 5.0;
				TARGETED_DEVICE_FAMILY = "1,2";
				TEST_HOST = "$(BUILT_PRODUCTS_DIR)/Test-appKODE.app/Test-appKODE";
			};
			name = Debug;
		};
		6A3483A128A405E3008FA1AA /* Release */ = {
			isa = XCBuildConfiguration;
			buildSettings = {
				ALWAYS_EMBED_SWIFT_STANDARD_LIBRARIES = YES;
				BUNDLE_LOADER = "$(TEST_HOST)";
				CODE_SIGN_STYLE = Automatic;
				CURRENT_PROJECT_VERSION = 1;
				DEVELOPMENT_TEAM = PW697ZQRTK;
				GENERATE_INFOPLIST_FILE = YES;
				IPHONEOS_DEPLOYMENT_TARGET = 15.5;
				MARKETING_VERSION = 1.0;
				PRODUCT_BUNDLE_IDENTIFIER = "ta.Test-appKODETests";
				PRODUCT_NAME = "$(TARGET_NAME)";
				SWIFT_EMIT_LOC_STRINGS = NO;
				SWIFT_VERSION = 5.0;
				TARGETED_DEVICE_FAMILY = "1,2";
				TEST_HOST = "$(BUILT_PRODUCTS_DIR)/Test-appKODE.app/Test-appKODE";
			};
			name = Release;
		};
		6A3483A328A405E3008FA1AA /* Debug */ = {
			isa = XCBuildConfiguration;
			buildSettings = {
				ALWAYS_EMBED_SWIFT_STANDARD_LIBRARIES = YES;
				CODE_SIGN_STYLE = Automatic;
				CURRENT_PROJECT_VERSION = 1;
				DEVELOPMENT_TEAM = PW697ZQRTK;
				GENERATE_INFOPLIST_FILE = YES;
				MARKETING_VERSION = 1.0;
				PRODUCT_BUNDLE_IDENTIFIER = "ta.Test-appKODEUITests";
				PRODUCT_NAME = "$(TARGET_NAME)";
				SWIFT_EMIT_LOC_STRINGS = NO;
				SWIFT_VERSION = 5.0;
				TARGETED_DEVICE_FAMILY = "1,2";
				TEST_TARGET_NAME = "Test-appKODE";
			};
			name = Debug;
		};
		6A3483A428A405E3008FA1AA /* Release */ = {
			isa = XCBuildConfiguration;
			buildSettings = {
				ALWAYS_EMBED_SWIFT_STANDARD_LIBRARIES = YES;
				CODE_SIGN_STYLE = Automatic;
				CURRENT_PROJECT_VERSION = 1;
				DEVELOPMENT_TEAM = PW697ZQRTK;
				GENERATE_INFOPLIST_FILE = YES;
				MARKETING_VERSION = 1.0;
				PRODUCT_BUNDLE_IDENTIFIER = "ta.Test-appKODEUITests";
				PRODUCT_NAME = "$(TARGET_NAME)";
				SWIFT_EMIT_LOC_STRINGS = NO;
				SWIFT_VERSION = 5.0;
				TARGETED_DEVICE_FAMILY = "1,2";
				TEST_TARGET_NAME = "Test-appKODE";
			};
			name = Release;
		};
/* End XCBuildConfiguration section */

/* Begin XCConfigurationList section */
		6A34836D28A405E2008FA1AA /* Build configuration list for PBXProject "Test-appKODE" */ = {
			isa = XCConfigurationList;
			buildConfigurations = (
				6A34839A28A405E3008FA1AA /* Debug */,
				6A34839B28A405E3008FA1AA /* Release */,
			);
			defaultConfigurationIsVisible = 0;
			defaultConfigurationName = Release;
		};
		6A34839C28A405E3008FA1AA /* Build configuration list for PBXNativeTarget "Test-appKODE" */ = {
			isa = XCConfigurationList;
			buildConfigurations = (
				6A34839D28A405E3008FA1AA /* Debug */,
				6A34839E28A405E3008FA1AA /* Release */,
			);
			defaultConfigurationIsVisible = 0;
			defaultConfigurationName = Release;
		};
		6A34839F28A405E3008FA1AA /* Build configuration list for PBXNativeTarget "Test-appKODETests" */ = {
			isa = XCConfigurationList;
			buildConfigurations = (
				6A3483A028A405E3008FA1AA /* Debug */,
				6A3483A128A405E3008FA1AA /* Release */,
			);
			defaultConfigurationIsVisible = 0;
			defaultConfigurationName = Release;
		};
		6A3483A228A405E3008FA1AA /* Build configuration list for PBXNativeTarget "Test-appKODEUITests" */ = {
			isa = XCConfigurationList;
			buildConfigurations = (
				6A3483A328A405E3008FA1AA /* Debug */,
				6A3483A428A405E3008FA1AA /* Release */,
			);
			defaultConfigurationIsVisible = 0;
			defaultConfigurationName = Release;
		};
/* End XCConfigurationList section */
	};
	rootObject = 6A34836A28A405E2008FA1AA /* Project object */;
}
